
Microsoft Visual Studio Solution File, Format Version 12.00
# Visual Studio Version 17
VisualStudioVersion = 17.8.34004.107
MinimumVisualStudioVersion = 10.0.40219.1
Project("{FAE04EC0-301F-11D3-BF4B-00C04F79EFBC}") = "StringBuildervsPlusOperator", "StringBuildervsPlusOperator\StringBuildervsPlusOperator.csproj", "{7738ECDB-4463-47CA-B8AB-8F7AA9D1F4F4}"
EndProject
Global
	GlobalSection(SolutionConfigurationPlatforms) = preSolution
		Debug|Any CPU = Debug|Any CPU
		Release|Any CPU = Release|Any CPU
	EndGlobalSection
	GlobalSection(ProjectConfigurationPlatforms) = postSolution
		{7738ECDB-4463-47CA-B8AB-8F7AA9D1F4F4}.Debug|Any CPU.ActiveCfg = Debug|Any CPU
		{7738ECDB-4463-47CA-B8AB-8F7AA9D1F4F4}.Debug|Any CPU.Build.0 = Debug|Any CPU
		{7738ECDB-4463-47CA-B8AB-8F7AA9D1F4F4}.Release|Any CPU.ActiveCfg = Release|Any CPU
		{7738ECDB-4463-47CA-B8AB-8F7AA9D1F4F4}.Release|Any CPU.Build.0 = Release|Any CPU
	EndGlobalSection
	GlobalSection(SolutionProperties) = preSolution
		HideSolutionNode = FALSE
	EndGlobalSection
	GlobalSection(ExtensibilityGlobals) = postSolution
		SolutionGuid = {BB83CB38-759B-41A6-B47E-B2E38BE972A4}
	EndGlobalSection
EndGlobal
